
Microsoft Visual Studio Solution File, Format Version 12.00
# Visual Studio Version 17
VisualStudioVersion = 17.4.33213.308
MinimumVisualStudioVersion = 10.0.40219.1
Project("{FAE04EC0-301F-11D3-BF4B-00C04F79EFBC}") = "AsyncDemoApp", "AsyncDemoApp.csproj", "{BA77EAF1-B2AC-4E3B-8906-FA521ED17491}"
EndProject
Global
	GlobalSection(SolutionConfigurationPlatforms) = preSolution
		Debug|Any CPU = Debug|Any CPU
		Release|Any CPU = Release|Any CPU
	EndGlobalSection
	GlobalSection(ProjectConfigurationPlatforms) = postSolution
		{BA77EAF1-B2AC-4E3B-8906-FA521ED17491}.Debug|Any CPU.ActiveCfg = Debug|Any CPU
		{BA77EAF1-B2AC-4E3B-8906-FA521ED17491}.Debug|Any CPU.Build.0 = Debug|Any CPU
		{BA77EAF1-B2AC-4E3B-8906-FA521ED17491}.Release|Any CPU.ActiveCfg = Release|Any CPU
		{BA77EAF1-B2AC-4E3B-8906-FA521ED17491}.Release|Any CPU.Build.0 = Release|Any CPU
	EndGlobalSection
	GlobalSection(SolutionProperties) = preSolution
		HideSolutionNode = FALSE
	EndGlobalSection
	GlobalSection(ExtensibilityGlobals) = postSolution
		SolutionGuid = {108720AD-6568-40F6-BD6D-4308A19448B7}
	EndGlobalSection
EndGlobal
