
Microsoft Visual Studio Solution File, Format Version 12.00
# Visual Studio Version 17
VisualStudioVersion = 17.0.33130.402
MinimumVisualStudioVersion = 10.0.40219.1
Project("{FAE04EC0-301F-11D3-BF4B-00C04F79EFBC}") = "SampleTestDTF", "SampleTestDTF\SampleTestDTF.csproj", "{83483147-AD30-4E11-9C2C-D0836C8542FC}"
EndProject
Global
	GlobalSection(SolutionConfigurationPlatforms) = preSolution
		Debug|Any CPU = Debug|Any CPU
		Release|Any CPU = Release|Any CPU
	EndGlobalSection
	GlobalSection(ProjectConfigurationPlatforms) = postSolution
		{83483147-AD30-4E11-9C2C-D0836C8542FC}.Debug|Any CPU.ActiveCfg = Debug|Any CPU
		{83483147-AD30-4E11-9C2C-D0836C8542FC}.Debug|Any CPU.Build.0 = Debug|Any CPU
		{83483147-AD30-4E11-9C2C-D0836C8542FC}.Release|Any CPU.ActiveCfg = Release|Any CPU
		{83483147-AD30-4E11-9C2C-D0836C8542FC}.Release|Any CPU.Build.0 = Release|Any CPU
	EndGlobalSection
	GlobalSection(SolutionProperties) = preSolution
		HideSolutionNode = FALSE
	EndGlobalSection
	GlobalSection(ExtensibilityGlobals) = postSolution
		SolutionGuid = {1A10A8BC-7375-4587-B4DB-F69D782DCC87}
	EndGlobalSection
EndGlobal
